
Microsoft Visual Studio Solution File, Format Version 12.00
Project("{FAE04EC0-301F-11D3-BF4B-00C04F79EFBC}") = "Dka.AspNetCore.BasicWebApp", "Dka.AspNetCore.BasicWebApp\src\Dka.AspNetCore.BasicWebApp.csproj", "{7D1F1F26-13C9-418F-A77F-D6B88F82611F}"
EndProject
Project("{FAE04EC0-301F-11D3-BF4B-00C04F79EFBC}") = "Dka.AspNetCore.BasicWebApp.Api", "Dka.AspNetCore.BasicWebApp.Api\src\Dka.AspNetCore.BasicWebApp.Api.csproj", "{2A485829-AB6D-4748-A0F7-4389D8C4F0BC}"
EndProject
Project("{FAE04EC0-301F-11D3-BF4B-00C04F79EFBC}") = "Dka.AspNetCore.BasicWebApp.Common", "Dka.AspNetCore.BasicWebApp.Common\src\Dka.AspNetCore.BasicWebApp.Common.csproj", "{D8F68EA3-7EEA-47FF-9B51-67F9F6F9EA87}"
EndProject
Project("{2150E333-8FDC-42A3-9474-1A3956D46DE8}") = "Tests", "Tests", "{05C08C5F-A199-46BF-9015-420F38412BC9}"
EndProject
Project("{FAE04EC0-301F-11D3-BF4B-00C04F79EFBC}") = "Dka.AspNetCore.BasicWebApp.UnitTests", "Dka.AspNetCore.BasicWebApp\test\Dka.AspNetCore.BasicWebApp.UnitTests\Dka.AspNetCore.BasicWebApp.UnitTests.csproj", "{E686D784-F444-4798-BDB7-40BDF7F5F5B8}"
EndProject
Project("{FAE04EC0-301F-11D3-BF4B-00C04F79EFBC}") = "Dka.AspNetCore.BasicWebApp.Api.IntegrationTests", "Dka.AspNetCore.BasicWebApp.Api\test\Dka.AspNetCore.BasicWebApp.Api.IntegrationTests\Dka.AspNetCore.BasicWebApp.Api.IntegrationTests.csproj", "{DD5CCA5E-01B9-48F7-A610-A697AE5CF5DB}"
EndProject
Project("{FAE04EC0-301F-11D3-BF4B-00C04F79EFBC}") = "Dka.AspNetCore.BasicWebApp.SeleniumTests", "Dka.AspNetCore.BasicWebApp\test\Dka.AspNetCore.BasicWebApp.SeleniumTests\Dka.AspNetCore.BasicWebApp.SeleniumTests.csproj", "{5F61424E-9666-47FE-AAA2-8281F5A27B7A}"
EndProject
Project("{FAE04EC0-301F-11D3-BF4B-00C04F79EFBC}") = "Dka.AspNetCore.BasicWebApp.IntegrationTests", "Dka.AspNetCore.BasicWebApp\test\Dka.AspNetCore.BasicWebApp.IntegrationTests\Dka.AspNetCore.BasicWebApp.IntegrationTests.csproj", "{9FF8DA52-ADAF-4B60-97B1-B6D36496E431}"
EndProject
Project("{FAE04EC0-301F-11D3-BF4B-00C04F79EFBC}") = "Dka.AspNetCore.BasicWebApp.SystemTests", "Dka.AspNetCore.BasicWebApp\test\Dka.AspNetCore.BasicWebApp.SystemTests\Dka.AspNetCore.BasicWebApp.SystemTests.csproj", "{148E1E6F-E8DA-4C29-9082-E355E73544E0}"
EndProject
Project("{2150E333-8FDC-42A3-9474-1A3956D46DE8}") = "Infrastructure", "Infrastructure", "{13AFB803-273E-4425-881C-E87B595E7E20}"
EndProject
Project("{2150E333-8FDC-42A3-9474-1A3956D46DE8}") = "ELK", "ELK", "{10D1FC49-F975-47E3-87B7-E6FF7FF995EB}"
ProjectSection(SolutionItems) = preProject
	Infrastructure\Docker\ELK\docker-compose.yml = Infrastructure\Docker\ELK\docker-compose.yml
EndProjectSection
EndProject
Project("{2150E333-8FDC-42A3-9474-1A3956D46DE8}") = "Docker", "Docker", "{0196E302-0A4F-4834-9CD4-875251FD4892}"
EndProject
Project("{2150E333-8FDC-42A3-9474-1A3956D46DE8}") = "MSSQL", "MSSQL", "{4C5CD2F3-F6F5-4E50-931D-B0F35B4024FE}"
ProjectSection(SolutionItems) = preProject
	Infrastructure\Docker\MSSQL\docker-compose.yml = Infrastructure\Docker\MSSQL\docker-compose.yml
EndProjectSection
EndProject
Project("{2150E333-8FDC-42A3-9474-1A3956D46DE8}") = "Unleash", "Unleash", "{00F947AB-B556-4A97-89C4-83C234FEEDF7}"
ProjectSection(SolutionItems) = preProject
	Infrastructure\Docker\Unleash\docker-compose.yml = Infrastructure\Docker\Unleash\docker-compose.yml
	Infrastructure\Docker\Unleash\Dockerfile = Infrastructure\Docker\Unleash\Dockerfile
	Infrastructure\Docker\Unleash\index.js = Infrastructure\Docker\Unleash\index.js
	Infrastructure\Docker\Unleash\LICENSE.md = Infrastructure\Docker\Unleash\LICENSE.md
	Infrastructure\Docker\Unleash\package.json = Infrastructure\Docker\Unleash\package.json
	Infrastructure\Docker\Unleash\README.md = Infrastructure\Docker\Unleash\README.md
	Infrastructure\Docker\Unleash\yarn.lock = Infrastructure\Docker\Unleash\yarn.lock
EndProjectSection
EndProject
Global
	GlobalSection(SolutionConfigurationPlatforms) = preSolution
		Debug|Any CPU = Debug|Any CPU
		Release|Any CPU = Release|Any CPU
	EndGlobalSection
	GlobalSection(ProjectConfigurationPlatforms) = postSolution
		{7D1F1F26-13C9-418F-A77F-D6B88F82611F}.Debug|Any CPU.ActiveCfg = Debug|Any CPU
		{7D1F1F26-13C9-418F-A77F-D6B88F82611F}.Debug|Any CPU.Build.0 = Debug|Any CPU
		{7D1F1F26-13C9-418F-A77F-D6B88F82611F}.Release|Any CPU.ActiveCfg = Release|Any CPU
		{7D1F1F26-13C9-418F-A77F-D6B88F82611F}.Release|Any CPU.Build.0 = Release|Any CPU
		{2A485829-AB6D-4748-A0F7-4389D8C4F0BC}.Debug|Any CPU.ActiveCfg = Debug|Any CPU
		{2A485829-AB6D-4748-A0F7-4389D8C4F0BC}.Debug|Any CPU.Build.0 = Debug|Any CPU
		{2A485829-AB6D-4748-A0F7-4389D8C4F0BC}.Release|Any CPU.ActiveCfg = Release|Any CPU
		{2A485829-AB6D-4748-A0F7-4389D8C4F0BC}.Release|Any CPU.Build.0 = Release|Any CPU
		{D8F68EA3-7EEA-47FF-9B51-67F9F6F9EA87}.Debug|Any CPU.ActiveCfg = Debug|Any CPU
		{D8F68EA3-7EEA-47FF-9B51-67F9F6F9EA87}.Debug|Any CPU.Build.0 = Debug|Any CPU
		{D8F68EA3-7EEA-47FF-9B51-67F9F6F9EA87}.Release|Any CPU.ActiveCfg = Release|Any CPU
		{D8F68EA3-7EEA-47FF-9B51-67F9F6F9EA87}.Release|Any CPU.Build.0 = Release|Any CPU
		{E686D784-F444-4798-BDB7-40BDF7F5F5B8}.Debug|Any CPU.ActiveCfg = Debug|Any CPU
		{E686D784-F444-4798-BDB7-40BDF7F5F5B8}.Debug|Any CPU.Build.0 = Debug|Any CPU
		{E686D784-F444-4798-BDB7-40BDF7F5F5B8}.Release|Any CPU.ActiveCfg = Release|Any CPU
		{E686D784-F444-4798-BDB7-40BDF7F5F5B8}.Release|Any CPU.Build.0 = Release|Any CPU
		{DD5CCA5E-01B9-48F7-A610-A697AE5CF5DB}.Debug|Any CPU.ActiveCfg = Debug|Any CPU
		{DD5CCA5E-01B9-48F7-A610-A697AE5CF5DB}.Debug|Any CPU.Build.0 = Debug|Any CPU
		{DD5CCA5E-01B9-48F7-A610-A697AE5CF5DB}.Release|Any CPU.ActiveCfg = Release|Any CPU
		{DD5CCA5E-01B9-48F7-A610-A697AE5CF5DB}.Release|Any CPU.Build.0 = Release|Any CPU
		{5F61424E-9666-47FE-AAA2-8281F5A27B7A}.Debug|Any CPU.ActiveCfg = Debug|Any CPU
		{5F61424E-9666-47FE-AAA2-8281F5A27B7A}.Debug|Any CPU.Build.0 = Debug|Any CPU
		{5F61424E-9666-47FE-AAA2-8281F5A27B7A}.Release|Any CPU.ActiveCfg = Release|Any CPU
		{5F61424E-9666-47FE-AAA2-8281F5A27B7A}.Release|Any CPU.Build.0 = Release|Any CPU
		{9FF8DA52-ADAF-4B60-97B1-B6D36496E431}.Debug|Any CPU.ActiveCfg = Debug|Any CPU
		{9FF8DA52-ADAF-4B60-97B1-B6D36496E431}.Debug|Any CPU.Build.0 = Debug|Any CPU
		{9FF8DA52-ADAF-4B60-97B1-B6D36496E431}.Release|Any CPU.ActiveCfg = Release|Any CPU
		{9FF8DA52-ADAF-4B60-97B1-B6D36496E431}.Release|Any CPU.Build.0 = Release|Any CPU
		{148E1E6F-E8DA-4C29-9082-E355E73544E0}.Debug|Any CPU.ActiveCfg = Debug|Any CPU
		{148E1E6F-E8DA-4C29-9082-E355E73544E0}.Debug|Any CPU.Build.0 = Debug|Any CPU
		{148E1E6F-E8DA-4C29-9082-E355E73544E0}.Release|Any CPU.ActiveCfg = Release|Any CPU
		{148E1E6F-E8DA-4C29-9082-E355E73544E0}.Release|Any CPU.Build.0 = Release|Any CPU
	EndGlobalSection
	GlobalSection(NestedProjects) = preSolution
		{E686D784-F444-4798-BDB7-40BDF7F5F5B8} = {05C08C5F-A199-46BF-9015-420F38412BC9}
		{DD5CCA5E-01B9-48F7-A610-A697AE5CF5DB} = {05C08C5F-A199-46BF-9015-420F38412BC9}
		{5F61424E-9666-47FE-AAA2-8281F5A27B7A} = {05C08C5F-A199-46BF-9015-420F38412BC9}
		{9FF8DA52-ADAF-4B60-97B1-B6D36496E431} = {05C08C5F-A199-46BF-9015-420F38412BC9}
		{148E1E6F-E8DA-4C29-9082-E355E73544E0} = {05C08C5F-A199-46BF-9015-420F38412BC9}
		{0196E302-0A4F-4834-9CD4-875251FD4892} = {13AFB803-273E-4425-881C-E87B595E7E20}
		{10D1FC49-F975-47E3-87B7-E6FF7FF995EB} = {0196E302-0A4F-4834-9CD4-875251FD4892}
		{4C5CD2F3-F6F5-4E50-931D-B0F35B4024FE} = {0196E302-0A4F-4834-9CD4-875251FD4892}
		{00F947AB-B556-4A97-89C4-83C234FEEDF7} = {0196E302-0A4F-4834-9CD4-875251FD4892}
	EndGlobalSection
EndGlobal
